PODS:
  - DropDown (2.3.13)
  - SwiftyBeaver (2.0.0)

DEPENDENCIES:
  - DropDown
  - SwiftyBeaver

SPEC REPOS:
  trunk:
    - DropDown
    - SwiftyBeaver

SPEC CHECKSUMS:
  DropDown: 8a2116376c1981888557f72ec2ffc9a5e0e456ec
  SwiftyBeaver: 014b0c12065026b731bac80305294f27d63e27f6

PODFILE CHECKSUM: ff6380838b2adc16f1b349922ce0664d082f366f

COCOAPODS: 1.12.1
